
Microsoft Visual Studio Solution File, Format Version 12.00
# Visual Studio Version 17
VisualStudioVersion = 17.5.33502.453
MinimumVisualStudioVersion = 10.0.40219.1
Project("{FAE04EC0-301F-11D3-BF4B-00C04F79EFBC}") = "CarShop", "CarShop\CarShop.csproj", "{A9C22AF7-AA42-41B6-AD55-F91D2C0F0501}"
EndProject
Global
	GlobalSection(SolutionConfigurationPlatforms) = preSolution
		Debug|Any CPU = Debug|Any CPU
		Release|Any CPU = Release|Any CPU
	EndGlobalSection
	GlobalSection(ProjectConfigurationPlatforms) = postSolution
		{A9C22AF7-AA42-41B6-AD55-F91D2C0F0501}.Debug|Any CPU.ActiveCfg = Debug|Any CPU
		{A9C22AF7-AA42-41B6-AD55-F91D2C0F0501}.Debug|Any CPU.Build.0 = Debug|Any CPU
		{A9C22AF7-AA42-41B6-AD55-F91D2C0F0501}.Release|Any CPU.ActiveCfg = Release|Any CPU
		{A9C22AF7-AA42-41B6-AD55-F91D2C0F0501}.Release|Any CPU.Build.0 = Release|Any CPU
	EndGlobalSection
	GlobalSection(SolutionProperties) = preSolution
		HideSolutionNode = FALSE
	EndGlobalSection
	GlobalSection(ExtensibilityGlobals) = postSolution
		SolutionGuid = {93BC6B2D-2246-47B4-99A9-87681729D9CC}
	EndGlobalSection
EndGlobal
